
Microsoft Visual Studio Solution File, Format Version 12.00
# Visual Studio Version 17
VisualStudioVersion = 17.5.002.0
MinimumVisualStudioVersion = 10.0.40219.1
Project("{9A19103F-16F7-4668-BE54-9A1E7A4F7556}") = "ResumeApp", "ResumeApp.csproj", "{CA22F630-DCE3-4D8E-9158-7F364BA1EC1C}"
EndProject
Global
	GlobalSection(SolutionConfigurationPlatforms) = preSolution
		Debug|Any CPU = Debug|Any CPU
		Release|Any CPU = Release|Any CPU
	EndGlobalSection
	GlobalSection(ProjectConfigurationPlatforms) = postSolution
		{CA22F630-DCE3-4D8E-9158-7F364BA1EC1C}.Debug|Any CPU.ActiveCfg = Debug|Any CPU
		{CA22F630-DCE3-4D8E-9158-7F364BA1EC1C}.Debug|Any CPU.Build.0 = Debug|Any CPU
		{CA22F630-DCE3-4D8E-9158-7F364BA1EC1C}.Release|Any CPU.ActiveCfg = Release|Any CPU
		{CA22F630-DCE3-4D8E-9158-7F364BA1EC1C}.Release|Any CPU.Build.0 = Release|Any CPU
	EndGlobalSection
	GlobalSection(SolutionProperties) = preSolution
		HideSolutionNode = FALSE
	EndGlobalSection
	GlobalSection(ExtensibilityGlobals) = postSolution
		SolutionGuid = {0E852382-140F-4B82-ABBF-A4DF0B263383}
	EndGlobalSection
EndGlobal
